
Microsoft Visual Studio Solution File, Format Version 12.00
# Visual Studio Version 16
VisualStudioVersion = 16.0.33529.622
MinimumVisualStudioVersion = 10.0.40219.1
Project("{FAE04EC0-301F-11D3-BF4B-00C04F79EFBC}") = "Demo", "Demo\Demo.csproj", "{A340C011-B6DD-47AC-81F1-1423DB6561DF}"
EndProject
Global
	GlobalSection(SolutionConfigurationPlatforms) = preSolution
		Debug|Any CPU = Debug|Any CPU
		Release|Any CPU = Release|Any CPU
	EndGlobalSection
	GlobalSection(ProjectConfigurationPlatforms) = postSolution
		{A340C011-B6DD-47AC-81F1-1423DB6561DF}.Debug|Any CPU.ActiveCfg = Debug|Any CPU
		{A340C011-B6DD-47AC-81F1-1423DB6561DF}.Debug|Any CPU.Build.0 = Debug|Any CPU
		{A340C011-B6DD-47AC-81F1-1423DB6561DF}.Release|Any CPU.ActiveCfg = Release|Any CPU
		{A340C011-B6DD-47AC-81F1-1423DB6561DF}.Release|Any CPU.Build.0 = Release|Any CPU
	EndGlobalSection
	GlobalSection(SolutionProperties) = preSolution
		HideSolutionNode = FALSE
	EndGlobalSection
	GlobalSection(ExtensibilityGlobals) = postSolution
		SolutionGuid = {10DF2059-410C-4B34-851A-91FD3BD1C534}
	EndGlobalSection
EndGlobal
